<?xml version="1.0" encoding="utf-8"?>
<Project ToolsVersion="4.0" xmlns="http://schemas.microsoft.com/developer/msbuild/2003">
  <ItemGroup>
    <ClCompile Include="main.cpp" />
    <ClCompile Include="src\tokens.cpp">
      <Filter>src</Filter>
    </ClCompile>
  </ItemGroup>
  <ItemGroup>
    <ClInclude Include="static_map.h" />
    <ClInclude Include="fsm_scanner.h" />
    <ClInclude Include="src\utils\flat_map_base.h">
      <Filter>src\utils</Filter>
    </ClInclude>
    <ClInclude Include="src\utils\flat_map.h">
      <Filter>src\utils</Filter>
    </ClInclude>
    <ClInclude Include="src\utils\constexpr_utils.h">
      <Filter>src\utils</Filter>
    </ClInclude>
    <ClInclude Include="src\utils\flat_set.h">
      <Filter>src\utils</Filter>
    </ClInclude>
    <ClInclude Include="src\lexer\fsm.h">
      <Filter>src\lexer</Filter>
    </ClInclude>
    <ClInclude Include="src\lexer\pattern.h">
      <Filter>src\lexer</Filter>
    </ClInclude>
    <ClInclude Include="src\utils\static_string.h">
      <Filter>src\utils</Filter>
    </ClInclude>
    <ClInclude Include="src\utils\argpack.h">
      <Filter>src\utils</Filter>
    </ClInclude>
    <ClInclude Include="src\lexer\scanner.h">
      <Filter>src\lexer</Filter>
    </ClInclude>
    <ClInclude Include="src\utils\overload.h">
      <Filter>src\utils</Filter>
    </ClInclude>
    <ClInclude Include="src\token\token_definition.h">
      <Filter>src\token</Filter>
    </ClInclude>
    <ClInclude Include="src\lexer\pattern_action.h">
      <Filter>src\lexer</Filter>
    </ClInclude>
    <ClInclude Include="src\tokens.h">
      <Filter>src</Filter>
    </ClInclude>
  </ItemGroup>
  <ItemGroup>
    <Filter Include="src">
      <UniqueIdentifier>{a7db2b30-1f63-4383-ba07-514384707701}</UniqueIdentifier>
    </Filter>
    <Filter Include="src\utils">
      <UniqueIdentifier>{0143941f-1394-4da1-a6a0-0b5078bad517}</UniqueIdentifier>
    </Filter>
    <Filter Include="src\lexer">
      <UniqueIdentifier>{ec58fdd5-aab0-4c0b-bcce-204c2574ee68}</UniqueIdentifier>
    </Filter>
    <Filter Include="src\token">
      <UniqueIdentifier>{ce08348c-1b6d-4cba-9efa-025085559a74}</UniqueIdentifier>
    </Filter>
  </ItemGroup>
</Project>